
Microsoft Visual Studio Solution File, Format Version 12.00
# Visual Studio Version 17
VisualStudioVersion = 17.0.32014.148
MinimumVisualStudioVersion = 10.0.40219.1
Project("{FAE04EC0-301F-11D3-BF4B-00C04F79EFBC}") = "tapsiriq -----4", "tapsiriq -----4\tapsiriq -----4.csproj", "{ABFDFB72-553B-42EC-A301-7AFEC1C5FA6B}"
EndProject
Global
	GlobalSection(SolutionConfigurationPlatforms) = preSolution
		Debug|Any CPU = Debug|Any CPU
		Release|Any CPU = Release|Any CPU
	EndGlobalSection
	GlobalSection(ProjectConfigurationPlatforms) = postSolution
		{ABFDFB72-553B-42EC-A301-7AFEC1C5FA6B}.Debug|Any CPU.ActiveCfg = Debug|Any CPU
		{ABFDFB72-553B-42EC-A301-7AFEC1C5FA6B}.Debug|Any CPU.Build.0 = Debug|Any CPU
		{ABFDFB72-553B-42EC-A301-7AFEC1C5FA6B}.Release|Any CPU.ActiveCfg = Release|Any CPU
		{ABFDFB72-553B-42EC-A301-7AFEC1C5FA6B}.Release|Any CPU.Build.0 = Release|Any CPU
	EndGlobalSection
	GlobalSection(SolutionProperties) = preSolution
		HideSolutionNode = FALSE
	EndGlobalSection
	GlobalSection(ExtensibilityGlobals) = postSolution
		SolutionGuid = {96BC5328-D5BD-4665-BEE4-C43B0220C948}
	EndGlobalSection
EndGlobal
